{
    "_meta": {
        "hash": {
            "sha256": "d1bbf9e2b275f092f396a03637aa6b9c585598719e5ff3499c8f8a79aa38b496"
        },
        "pipfile-spec": 6,
        "requires": {
            "python_version": "3.12"
        },
        "sources": [
            {
                "name": "pypi",
                "url": "https://pypi.org/simple",
                "verify_ssl": true
            }
        ]
    },
    "default": {
        "netaddr": {
            "hashes": [
                "sha256:6eb8fedf0412c6d294d06885c110de945cf4d22d2b510d0404f4e06950857987",
                "sha256:bd9e9534b0d46af328cf64f0e5a23a5a43fca292df221c85580b27394793496e"
            ],
            "index": "pypi",
            "markers": "python_version >= '3.7'",
            "version": "==1.2.1"
        },
        "urllib3": {
            "hashes": [
                "sha256:450b20ec296a467077128bff42b73080516e71b56ff59a60a02bef2232c4fa9d",
                "sha256:d0570876c61ab9e520d776c38acbbb5b05a776d3f9ff98a5c8fd5162a444cf19"
            ],
            "index": "pypi",
            "markers": "python_version >= '3.8'",
            "version": "==2.2.1"
        }
    },
    "develop": {}
}
